
Microsoft Visual Studio Solution File, Format Version 12.00
# Visual Studio Version 17
VisualStudioVersion = 17.1.32407.343
MinimumVisualStudioVersion = 10.0.40219.1
Project("{FAE04EC0-301F-11D3-BF4B-00C04F79EFBC}") = "M17_Task1", "M17_Task1\M17_Task1.csproj", "{2826410B-CF23-4D62-A408-A345B5EEB96A}"
EndProject
Project("{00D1A9C2-B5F0-4AF3-8072-F6C62B433612}") = "MyFirstDB", "MyFirstDB\MyFirstDB.sqlproj", "{536E4FC3-BB2B-48A0-B4F6-B1F0C9F37C0E}"
EndProject
Global
	GlobalSection(SolutionConfigurationPlatforms) = preSolution
		Debug|Any CPU = Debug|Any CPU
		Debug|ARM64 = Debug|ARM64
		Debug|x64 = Debug|x64
		Debug|x86 = Debug|x86
		Release|Any CPU = Release|Any CPU
		Release|ARM64 = Release|ARM64
		Release|x64 = Release|x64
		Release|x86 = Release|x86
	EndGlobalSection
	GlobalSection(ProjectConfigurationPlatforms) = postSolution
		{2826410B-CF23-4D62-A408-A345B5EEB96A}.Debug|Any CPU.ActiveCfg = Debug|Any CPU
		{2826410B-CF23-4D62-A408-A345B5EEB96A}.Debug|Any CPU.Build.0 = Debug|Any CPU
		{2826410B-CF23-4D62-A408-A345B5EEB96A}.Debug|ARM64.ActiveCfg = Debug|Any CPU
		{2826410B-CF23-4D62-A408-A345B5EEB96A}.Debug|ARM64.Build.0 = Debug|Any CPU
		{2826410B-CF23-4D62-A408-A345B5EEB96A}.Debug|x64.ActiveCfg = Debug|x64
		{2826410B-CF23-4D62-A408-A345B5EEB96A}.Debug|x64.Build.0 = Debug|x64
		{2826410B-CF23-4D62-A408-A345B5EEB96A}.Debug|x86.ActiveCfg = Debug|Any CPU
		{2826410B-CF23-4D62-A408-A345B5EEB96A}.Debug|x86.Build.0 = Debug|Any CPU
		{2826410B-CF23-4D62-A408-A345B5EEB96A}.Release|Any CPU.ActiveCfg = Release|Any CPU
		{2826410B-CF23-4D62-A408-A345B5EEB96A}.Release|Any CPU.Build.0 = Release|Any CPU
		{2826410B-CF23-4D62-A408-A345B5EEB96A}.Release|ARM64.ActiveCfg = Release|Any CPU
		{2826410B-CF23-4D62-A408-A345B5EEB96A}.Release|ARM64.Build.0 = Release|Any CPU
		{2826410B-CF23-4D62-A408-A345B5EEB96A}.Release|x64.ActiveCfg = Release|Any CPU
		{2826410B-CF23-4D62-A408-A345B5EEB96A}.Release|x64.Build.0 = Release|Any CPU
		{2826410B-CF23-4D62-A408-A345B5EEB96A}.Release|x86.ActiveCfg = Release|Any CPU
		{2826410B-CF23-4D62-A408-A345B5EEB96A}.Release|x86.Build.0 = Release|Any CPU
		{536E4FC3-BB2B-48A0-B4F6-B1F0C9F37C0E}.Debug|Any CPU.ActiveCfg = Debug|Any CPU
		{536E4FC3-BB2B-48A0-B4F6-B1F0C9F37C0E}.Debug|Any CPU.Build.0 = Debug|Any CPU
		{536E4FC3-BB2B-48A0-B4F6-B1F0C9F37C0E}.Debug|Any CPU.Deploy.0 = Debug|Any CPU
		{536E4FC3-BB2B-48A0-B4F6-B1F0C9F37C0E}.Debug|ARM64.ActiveCfg = Debug|Any CPU
		{536E4FC3-BB2B-48A0-B4F6-B1F0C9F37C0E}.Debug|ARM64.Build.0 = Debug|Any CPU
		{536E4FC3-BB2B-48A0-B4F6-B1F0C9F37C0E}.Debug|ARM64.Deploy.0 = Debug|Any CPU
		{536E4FC3-BB2B-48A0-B4F6-B1F0C9F37C0E}.Debug|x64.ActiveCfg = Debug|Any CPU
		{536E4FC3-BB2B-48A0-B4F6-B1F0C9F37C0E}.Debug|x64.Build.0 = Debug|Any CPU
		{536E4FC3-BB2B-48A0-B4F6-B1F0C9F37C0E}.Debug|x64.Deploy.0 = Debug|Any CPU
		{536E4FC3-BB2B-48A0-B4F6-B1F0C9F37C0E}.Debug|x86.ActiveCfg = Debug|Any CPU
		{536E4FC3-BB2B-48A0-B4F6-B1F0C9F37C0E}.Debug|x86.Build.0 = Debug|Any CPU
		{536E4FC3-BB2B-48A0-B4F6-B1F0C9F37C0E}.Debug|x86.Deploy.0 = Debug|Any CPU
		{536E4FC3-BB2B-48A0-B4F6-B1F0C9F37C0E}.Release|Any CPU.ActiveCfg = Release|Any CPU
		{536E4FC3-BB2B-48A0-B4F6-B1F0C9F37C0E}.Release|Any CPU.Build.0 = Release|Any CPU
		{536E4FC3-BB2B-48A0-B4F6-B1F0C9F37C0E}.Release|Any CPU.Deploy.0 = Release|Any CPU
		{536E4FC3-BB2B-48A0-B4F6-B1F0C9F37C0E}.Release|ARM64.ActiveCfg = Release|Any CPU
		{536E4FC3-BB2B-48A0-B4F6-B1F0C9F37C0E}.Release|ARM64.Build.0 = Release|Any CPU
		{536E4FC3-BB2B-48A0-B4F6-B1F0C9F37C0E}.Release|ARM64.Deploy.0 = Release|Any CPU
		{536E4FC3-BB2B-48A0-B4F6-B1F0C9F37C0E}.Release|x64.ActiveCfg = Release|Any CPU
		{536E4FC3-BB2B-48A0-B4F6-B1F0C9F37C0E}.Release|x64.Build.0 = Release|Any CPU
		{536E4FC3-BB2B-48A0-B4F6-B1F0C9F37C0E}.Release|x64.Deploy.0 = Release|Any CPU
		{536E4FC3-BB2B-48A0-B4F6-B1F0C9F37C0E}.Release|x86.ActiveCfg = Release|Any CPU
		{536E4FC3-BB2B-48A0-B4F6-B1F0C9F37C0E}.Release|x86.Build.0 = Release|Any CPU
		{536E4FC3-BB2B-48A0-B4F6-B1F0C9F37C0E}.Release|x86.Deploy.0 = Release|Any CPU
	EndGlobalSection
	GlobalSection(SolutionProperties) = preSolution
		HideSolutionNode = FALSE
	EndGlobalSection
	GlobalSection(ExtensibilityGlobals) = postSolution
		SolutionGuid = {BE335702-9A95-4A12-B9CF-887B9AC6B37A}
	EndGlobalSection
EndGlobal
